
Microsoft Visual Studio Solution File, Format Version 12.00
# Visual Studio Version 17
VisualStudioVersion = 17.14.36121.58 d17.14
MinimumVisualStudioVersion = 10.0.40219.1
Project("{FAE04EC0-301F-11D3-BF4B-00C04F79EFBC}") = "StorageApi", "StorageApi\StorageApi.csproj", "{6963D30F-EA2F-4581-AE6F-0FBC030146E0}"
EndProject
Global
	GlobalSection(SolutionConfigurationPlatforms) = preSolution
		Debug|Any CPU = Debug|Any CPU
		Release|Any CPU = Release|Any CPU
	EndGlobalSection
	GlobalSection(ProjectConfigurationPlatforms) = postSolution
		{6963D30F-EA2F-4581-AE6F-0FBC030146E0}.Debug|Any CPU.ActiveCfg = Debug|Any CPU
		{6963D30F-EA2F-4581-AE6F-0FBC030146E0}.Debug|Any CPU.Build.0 = Debug|Any CPU
		{6963D30F-EA2F-4581-AE6F-0FBC030146E0}.Release|Any CPU.ActiveCfg = Release|Any CPU
		{6963D30F-EA2F-4581-AE6F-0FBC030146E0}.Release|Any CPU.Build.0 = Release|Any CPU
	EndGlobalSection
	GlobalSection(SolutionProperties) = preSolution
		HideSolutionNode = FALSE
	EndGlobalSection
	GlobalSection(ExtensibilityGlobals) = postSolution
		SolutionGuid = {3C0B591E-E007-44F1-97E1-405BB088C6CF}
	EndGlobalSection
EndGlobal
